<?xml version="1.0" encoding="utf-8"?>
<Project ToolsVersion="4.0" xmlns="http://schemas.microsoft.com/developer/msbuild/2003">
  <ItemGroup>
    <Filter Include="Source Files">
      <UniqueIdentifier>{e46aaed4-03d0-4da7-ba0e-304e8fd71a9e}</UniqueIdentifier>
      <Extensions>cpp</Extensions>
    </Filter>
    <Filter Include="Header Files">
      <UniqueIdentifier>{deff5e89-5ab4-4980-9664-abd5b5eebe9d}</UniqueIdentifier>
      <Extensions>h</Extensions>
    </Filter>
    <Filter Include="Miscellaneous Files">
      <UniqueIdentifier>{a6cef09b-5b75-42af-a99d-3eafe03ba17c}</UniqueIdentifier>
      <Extensions>txt</Extensions>
    </Filter>
  </ItemGroup>
  <ItemGroup>
    <Text Include="ReadMe.txt">
      <Filter>Miscellaneous Files</Filter>
    </Text>
    <Text Include="Options.txt">
      <Filter>Miscellaneous Files</Filter>
    </Text>
  </ItemGroup>
  <ItemGroup>
    <ClCompile Include="pluginMain.cpp">
      <Filter>Source Files</Filter>
    </ClCompile>
    <ClCompile Include="ThreeSweepCmd.cpp">
      <Filter>Source Files</Filter>
    </ClCompile>
    <ClCompile Include="backend\Circle.cpp">
      <Filter>Source Files</Filter>
    </ClCompile>
    <ClCompile Include="backend\Geometry.cpp">
      <Filter>Source Files</Filter>
    </ClCompile>
    <ClCompile Include="backend\Manager.cpp">
      <Filter>Source Files</Filter>
    </ClCompile>
    <ClCompile Include="backend\Solution.cpp">
      <Filter>Source Files</Filter>
    </ClCompile>
    <ClCompile Include="backend\Stroke.cpp">
      <Filter>Source Files</Filter>
    </ClCompile>
    <ClCompile Include="backend\Test.cpp">
      <Filter>Source Files</Filter>
    </ClCompile>
  </ItemGroup>
  <ItemGroup>
    <None Include="3SweepUI.mel">
      <Filter>Source Files</Filter>
    </None>
  </ItemGroup>
  <ItemGroup>
    <ClInclude Include="ThreeSweepCmd.h">
      <Filter>Header Files</Filter>
    </ClInclude>
    <ClInclude Include="backend\Circle.h">
      <Filter>Header Files</Filter>
    </ClInclude>
    <ClInclude Include="backend\Geometry.h">
      <Filter>Header Files</Filter>
    </ClInclude>
    <ClInclude Include="backend\Manager.h">
      <Filter>Header Files</Filter>
    </ClInclude>
    <ClInclude Include="backend\Solution.h">
      <Filter>Header Files</Filter>
    </ClInclude>
    <ClInclude Include="backend\Stroke.h">
      <Filter>Header Files</Filter>
    </ClInclude>
    <ClInclude Include="backend\Test.h">
      <Filter>Header Files</Filter>
    </ClInclude>
  </ItemGroup>
</Project>